
Microsoft Visual Studio Solution File, Format Version 12.00
# Visual Studio Version 17
VisualStudioVersion = 17.3.32929.385
MinimumVisualStudioVersion = 10.0.40219.1
Project("{FAE04EC0-301F-11D3-BF4B-00C04F79EFBC}") = "WebShop", "WebShop\WebShop.csproj", "{32BA29A4-8D20-4A3F-AFB5-243A904425ED}"
EndProject
Global
	GlobalSection(SolutionConfigurationPlatforms) = preSolution
		Debug|Any CPU = Debug|Any CPU
		Release|Any CPU = Release|Any CPU
	EndGlobalSection
	GlobalSection(ProjectConfigurationPlatforms) = postSolution
		{32BA29A4-8D20-4A3F-AFB5-243A904425ED}.Debug|Any CPU.ActiveCfg = Debug|Any CPU
		{32BA29A4-8D20-4A3F-AFB5-243A904425ED}.Debug|Any CPU.Build.0 = Debug|Any CPU
		{32BA29A4-8D20-4A3F-AFB5-243A904425ED}.Release|Any CPU.ActiveCfg = Release|Any CPU
		{32BA29A4-8D20-4A3F-AFB5-243A904425ED}.Release|Any CPU.Build.0 = Release|Any CPU
	EndGlobalSection
	GlobalSection(SolutionProperties) = preSolution
		HideSolutionNode = FALSE
	EndGlobalSection
	GlobalSection(ExtensibilityGlobals) = postSolution
		SolutionGuid = {F27E2C5C-1AE6-4056-9351-70D537901268}
	EndGlobalSection
EndGlobal
